// !$*UTF8*$!
{
	archiveVersion = 1;
	classes = {
	};
	objectVersion = 55;
	objects = {

/* Begin PBXBuildFile section */
		189BD2B028AFA4CD00E5FD55 /* SettingsVC.swift in Sources */ = {isa = PBXBuildFile; fileRef = 189BD2AF28AFA4CD00E5FD55 /* SettingsVC.swift */; };
		189BD2B428AFF6B000E5FD55 /* SettingTableViewCell.swift in Sources */ = {isa = PBXBuildFile; fileRef = 189BD2B328AFF6B000E5FD55 /* SettingTableViewCell.swift */; };
		189BD2B628B0164B00E5FD55 /* SwitchTableViewCell.swift in Sources */ = {isa = PBXBuildFile; fileRef = 189BD2B528B0164B00E5FD55 /* SwitchTableViewCell.swift */; };
		189BD2BA28B24BE700E5FD55 /* SecurityVC.swift in Sources */ = {isa = PBXBuildFile; fileRef = 189BD2B928B24BE600E5FD55 /* SecurityVC.swift */; };
		189BD2BE28B27A2600E5FD55 /* HapticsManager.swift in Sources */ = {isa = PBXBuildFile; fileRef = 189BD2BD28B27A2600E5FD55 /* HapticsManager.swift */; };
		189BD2C428B2CF5D00E5FD55 /* chartAnimation.json in Resources */ = {isa = PBXBuildFile; fileRef = 189BD2C328B2CF5D00E5FD55 /* chartAnimation.json */; };
		189BD2C828B2D28600E5FD55 /* portfolioAnimation.json in Resources */ = {isa = PBXBuildFile; fileRef = 189BD2C728B2D28600E5FD55 /* portfolioAnimation.json */; };
		189BD2CC28B386C400E5FD55 /* SymbolsResponse.swift in Sources */ = {isa = PBXBuildFile; fileRef = 189BD2CB28B386C400E5FD55 /* SymbolsResponse.swift */; };
		189BD2CE28B386F700E5FD55 /* CandlesResponse.swift in Sources */ = {isa = PBXBuildFile; fileRef = 189BD2CD28B386F700E5FD55 /* CandlesResponse.swift */; };
		189BD2D028B3871800E5FD55 /* ChartVC.swift in Sources */ = {isa = PBXBuildFile; fileRef = 189BD2CF28B3871800E5FD55 /* ChartVC.swift */; };
		189BD2D428B3881800E5FD55 /* ChartView.swift in Sources */ = {isa = PBXBuildFile; fileRef = 189BD2D328B3881800E5FD55 /* ChartView.swift */; };
		189BD2D828B3897300E5FD55 /* MetricCollectionViewCell.swift in Sources */ = {isa = PBXBuildFile; fileRef = 189BD2D728B3897300E5FD55 /* MetricCollectionViewCell.swift */; };
		189BD2DC28B6873100E5FD55 /* ChooseSymbolVC.swift in Sources */ = {isa = PBXBuildFile; fileRef = 189BD2DB28B6873100E5FD55 /* ChooseSymbolVC.swift */; };
		18A554DA289B0C7900A9D48E /* AppDelegate.swift in Sources */ = {isa = PBXBuildFile; fileRef = 18A554D9289B0C7900A9D48E /* AppDelegate.swift */; };
		18A554DE289B0C7900A9D48E /* ViewController.swift in Sources */ = {isa = PBXBuildFile; fileRef = 18A554DD289B0C7900A9D48E /* ViewController.swift */; };
		18A554E3289B0C7A00A9D48E /* Assets.xcassets in Resources */ = {isa = PBXBuildFile; fileRef = 18A554E2289B0C7A00A9D48E /* Assets.xcassets */; };
		18A554E6289B0C7A00A9D48E /* LaunchScreen.storyboard in Resources */ = {isa = PBXBuildFile; fileRef = 18A554E4289B0C7A00A9D48E /* LaunchScreen.storyboard */; };
		18A8A04B28A28C210092031D /* Extensions.swift in Sources */ = {isa = PBXBuildFile; fileRef = 18A8A04A28A28C210092031D /* Extensions.swift */; };
		18A8A04D28A28EE90092031D /* TabBarController.swift in Sources */ = {isa = PBXBuildFile; fileRef = 18A8A04C28A28EE90092031D /* TabBarController.swift */; };
		18A8A04F28A4EB470092031D /* APICaller.swift in Sources */ = {isa = PBXBuildFile; fileRef = 18A8A04E28A4EB470092031D /* APICaller.swift */; };
		18A8A05128A4EE900092031D /* MarketsVC.swift in Sources */ = {isa = PBXBuildFile; fileRef = 18A8A05028A4EE900092031D /* MarketsVC.swift */; };
		18A8A05528A4F7950092031D /* SearchResultsVC.swift in Sources */ = {isa = PBXBuildFile; fileRef = 18A8A05428A4F7950092031D /* SearchResultsVC.swift */; };
		18A8A05728A5698D0092031D /* SearchResultTableVCell.swift in Sources */ = {isa = PBXBuildFile; fileRef = 18A8A05628A5698C0092031D /* SearchResultTableVCell.swift */; };
		18A8A05B28A67EF00092031D /* MapResponse.swift in Sources */ = {isa = PBXBuildFile; fileRef = 18A8A05A28A67EEF0092031D /* MapResponse.swift */; };
		18A8A05D28A698A40092031D /* PersistenceManager.swift in Sources */ = {isa = PBXBuildFile; fileRef = 18A8A05C28A698A40092031D /* PersistenceManager.swift */; };
		18A8A06328ABADC90092031D /* MarketsTableViewCell.swift in Sources */ = {isa = PBXBuildFile; fileRef = 18A8A06228ABADC80092031D /* MarketsTableViewCell.swift */; };
		18A8A06528ABB00B0092031D /* ListingResponse.swift in Sources */ = {isa = PBXBuildFile; fileRef = 18A8A06428ABB00B0092031D /* ListingResponse.swift */; };
		18A8A06728AE5A1F0092031D /* QuotesResponse.swift in Sources */ = {isa = PBXBuildFile; fileRef = 18A8A06628AE5A1E0092031D /* QuotesResponse.swift */; };
		18B8D26E28D39A10000F9BCE /* AddAlertVC.swift in Sources */ = {isa = PBXBuildFile; fileRef = 18B8D26D28D39A10000F9BCE /* AddAlertVC.swift */; };
		18B8D27028D49D6B000F9BCE /* TextIconButton.swift in Sources */ = {isa = PBXBuildFile; fileRef = 18B8D26F28D49D6B000F9BCE /* TextIconButton.swift */; };
		18B8D27228D8BF5A000F9BCE /* CheckBoxButton.swift in Sources */ = {isa = PBXBuildFile; fileRef = 18B8D27128D8BF5A000F9BCE /* CheckBoxButton.swift */; };
		18B8D27428D9078E000F9BCE /* AlertModel.swift in Sources */ = {isa = PBXBuildFile; fileRef = 18B8D27328D9078D000F9BCE /* AlertModel.swift */; };
		18B8D27628DCC688000F9BCE /* UIButtonScrollView.swift in Sources */ = {isa = PBXBuildFile; fileRef = 18B8D27528DCC686000F9BCE /* UIButtonScrollView.swift */; };
		18DD8B9328DF9A9D0083F743 /* AddAlertVCViewModel.swift in Sources */ = {isa = PBXBuildFile; fileRef = 18DD8B9228DF9A9D0083F743 /* AddAlertVCViewModel.swift */; };
		18DD8B9528E264A80083F743 /* AlertView.swift in Sources */ = {isa = PBXBuildFile; fileRef = 18DD8B9428E264A70083F743 /* AlertView.swift */; };
		86EDB64C2EA418146DBA15EA /* Pods_JustHold.framework in Frameworks */ = {isa = PBXBuildFile; fileRef = CC91E898C3B8F4132F87A9E5 /* Pods_JustHold.framework */; };
/* End PBXBuildFile section */

/* Begin PBXFileReference section */
		02BE00F7FE6E4750DD44AD53 /* Pods-JustHold.debug.xcconfig */ = {isa = PBXFileReference; includeInIndex = 1; lastKnownFileType = text.xcconfig; name = "Pods-JustHold.debug.xcconfig"; path = "Target Support Files/Pods-JustHold/Pods-JustHold.debug.xcconfig"; sourceTree = "<group>"; };
		189BD2AF28AFA4CD00E5FD55 /* SettingsVC.swift */ = {isa = PBXFileReference; lastKnownFileType = sourcecode.swift; path = SettingsVC.swift; sourceTree = "<group>"; };
		189BD2B328AFF6B000E5FD55 /* SettingTableViewCell.swift */ = {isa = PBXFileReference; lastKnownFileType = sourcecode.swift; path = SettingTableViewCell.swift; sourceTree = "<group>"; };
		189BD2B528B0164B00E5FD55 /* SwitchTableViewCell.swift */ = {isa = PBXFileReference; lastKnownFileType = sourcecode.swift; path = SwitchTableViewCell.swift; sourceTree = "<group>"; };
		189BD2B928B24BE600E5FD55 /* SecurityVC.swift */ = {isa = PBXFileReference; lastKnownFileType = sourcecode.swift; path = SecurityVC.swift; sourceTree = "<group>"; };
		189BD2BD28B27A2600E5FD55 /* HapticsManager.swift */ = {isa = PBXFileReference; lastKnownFileType = sourcecode.swift; path = HapticsManager.swift; sourceTree = "<group>"; };
		189BD2C328B2CF5D00E5FD55 /* chartAnimation.json */ = {isa = PBXFileReference; fileEncoding = 4; lastKnownFileType = text.json; path = chartAnimation.json; sourceTree = "<group>"; };
		189BD2C728B2D28600E5FD55 /* portfolioAnimation.json */ = {isa = PBXFileReference; fileEncoding = 4; lastKnownFileType = text.json; path = portfolioAnimation.json; sourceTree = "<group>"; };
		189BD2CB28B386C400E5FD55 /* SymbolsResponse.swift */ = {isa = PBXFileReference; lastKnownFileType = sourcecode.swift; path = SymbolsResponse.swift; sourceTree = "<group>"; };
		189BD2CD28B386F700E5FD55 /* CandlesResponse.swift */ = {isa = PBXFileReference; lastKnownFileType = sourcecode.swift; path = CandlesResponse.swift; sourceTree = "<group>"; };
		189BD2CF28B3871800E5FD55 /* ChartVC.swift */ = {isa = PBXFileReference; lastKnownFileType = sourcecode.swift; path = ChartVC.swift; sourceTree = "<group>"; };
		189BD2D328B3881800E5FD55 /* ChartView.swift */ = {isa = PBXFileReference; lastKnownFileType = sourcecode.swift; path = ChartView.swift; sourceTree = "<group>"; };
		189BD2D728B3897300E5FD55 /* MetricCollectionViewCell.swift */ = {isa = PBXFileReference; lastKnownFileType = sourcecode.swift; path = MetricCollectionViewCell.swift; sourceTree = "<group>"; };
		189BD2DB28B6873100E5FD55 /* ChooseSymbolVC.swift */ = {isa = PBXFileReference; lastKnownFileType = sourcecode.swift; path = ChooseSymbolVC.swift; sourceTree = "<group>"; };
		18A554D6289B0C7900A9D48E /* JustHold.app */ = {isa = PBXFileReference; explicitFileType = wrapper.application; includeInIndex = 0; path = JustHold.app; sourceTree = BUILT_PRODUCTS_DIR; };
		18A554D9289B0C7900A9D48E /* AppDelegate.swift */ = {isa = PBXFileReference; lastKnownFileType = sourcecode.swift; path = AppDelegate.swift; sourceTree = "<group>"; };
		18A554DD289B0C7900A9D48E /* ViewController.swift */ = {isa = PBXFileReference; lastKnownFileType = sourcecode.swift; path = ViewController.swift; sourceTree = "<group>"; };
		18A554E2289B0C7A00A9D48E /* Assets.xcassets */ = {isa = PBXFileReference; lastKnownFileType = folder.assetcatalog; path = Assets.xcassets; sourceTree = "<group>"; };
		18A554E5289B0C7A00A9D48E /* Base */ = {isa = PBXFileReference; lastKnownFileType = file.storyboard; name = Base; path = Base.lproj/LaunchScreen.storyboard; sourceTree = "<group>"; };
		18A554E7289B0C7A00A9D48E /* Info.plist */ = {isa = PBXFileReference; lastKnownFileType = text.plist.xml; path = Info.plist; sourceTree = "<group>"; };
		18A8A04A28A28C210092031D /* Extensions.swift */ = {isa = PBXFileReference; lastKnownFileType = sourcecode.swift; path = Extensions.swift; sourceTree = "<group>"; };
		18A8A04C28A28EE90092031D /* TabBarController.swift */ = {isa = PBXFileReference; lastKnownFileType = sourcecode.swift; path = TabBarController.swift; sourceTree = "<group>"; };
		18A8A04E28A4EB470092031D /* APICaller.swift */ = {isa = PBXFileReference; lastKnownFileType = sourcecode.swift; path = APICaller.swift; sourceTree = "<group>"; };
		18A8A05028A4EE900092031D /* MarketsVC.swift */ = {isa = PBXFileReference; lastKnownFileType = sourcecode.swift; path = MarketsVC.swift; sourceTree = "<group>"; };
		18A8A05428A4F7950092031D /* SearchResultsVC.swift */ = {isa = PBXFileReference; lastKnownFileType = sourcecode.swift; path = SearchResultsVC.swift; sourceTree = "<group>"; };
		18A8A05628A5698C0092031D /* SearchResultTableVCell.swift */ = {isa = PBXFileReference; lastKnownFileType = sourcecode.swift; path = SearchResultTableVCell.swift; sourceTree = "<group>"; };
		18A8A05A28A67EEF0092031D /* MapResponse.swift */ = {isa = PBXFileReference; lastKnownFileType = sourcecode.swift; path = MapResponse.swift; sourceTree = "<group>"; };
		18A8A05C28A698A40092031D /* PersistenceManager.swift */ = {isa = PBXFileReference; lastKnownFileType = sourcecode.swift; path = PersistenceManager.swift; sourceTree = "<group>"; };
		18A8A06228ABADC80092031D /* MarketsTableViewCell.swift */ = {isa = PBXFileReference; lastKnownFileType = sourcecode.swift; path = MarketsTableViewCell.swift; sourceTree = "<group>"; };
		18A8A06428ABB00B0092031D /* ListingResponse.swift */ = {isa = PBXFileReference; lastKnownFileType = sourcecode.swift; path = ListingResponse.swift; sourceTree = "<group>"; };
		18A8A06628AE5A1E0092031D /* QuotesResponse.swift */ = {isa = PBXFileReference; lastKnownFileType = sourcecode.swift; path = QuotesResponse.swift; sourceTree = "<group>"; };
		18B8D26D28D39A10000F9BCE /* AddAlertVC.swift */ = {isa = PBXFileReference; lastKnownFileType = sourcecode.swift; path = AddAlertVC.swift; sourceTree = "<group>"; };
		18B8D26F28D49D6B000F9BCE /* TextIconButton.swift */ = {isa = PBXFileReference; lastKnownFileType = sourcecode.swift; path = TextIconButton.swift; sourceTree = "<group>"; };
		18B8D27128D8BF5A000F9BCE /* CheckBoxButton.swift */ = {isa = PBXFileReference; lastKnownFileType = sourcecode.swift; path = CheckBoxButton.swift; sourceTree = "<group>"; };
		18B8D27328D9078D000F9BCE /* AlertModel.swift */ = {isa = PBXFileReference; lastKnownFileType = sourcecode.swift; path = AlertModel.swift; sourceTree = "<group>"; };
		18B8D27528DCC686000F9BCE /* UIButtonScrollView.swift */ = {isa = PBXFileReference; lastKnownFileType = sourcecode.swift; path = UIButtonScrollView.swift; sourceTree = "<group>"; };
		18DD8B9228DF9A9D0083F743 /* AddAlertVCViewModel.swift */ = {isa = PBXFileReference; lastKnownFileType = sourcecode.swift; path = AddAlertVCViewModel.swift; sourceTree = "<group>"; };
		18DD8B9428E264A70083F743 /* AlertView.swift */ = {isa = PBXFileReference; lastKnownFileType = sourcecode.swift; path = AlertView.swift; sourceTree = "<group>"; };
		829C7701F78BA64E7E0A6722 /* Pods-JustHold.release.xcconfig */ = {isa = PBXFileReference; includeInIndex = 1; lastKnownFileType = text.xcconfig; name = "Pods-JustHold.release.xcconfig"; path = "Target Support Files/Pods-JustHold/Pods-JustHold.release.xcconfig"; sourceTree = "<group>"; };
		CC91E898C3B8F4132F87A9E5 /* Pods_JustHold.framework */ = {isa = PBXFileReference; explicitFileType = wrapper.framework; includeInIndex = 0; path = Pods_JustHold.framework; sourceTree = BUILT_PRODUCTS_DIR; };
/* End PBXFileReference section */

/* Begin PBXFrameworksBuildPhase section */
		18A554D3289B0C7900A9D48E /* Frameworks */ = {
			isa = PBXFrameworksBuildPhase;
			buildActionMask = 2147483647;
			files = (
				86EDB64C2EA418146DBA15EA /* Pods_JustHold.framework in Frameworks */,
			);
			runOnlyForDeploymentPostprocessing = 0;
		};
/* End PBXFrameworksBuildPhase section */

/* Begin PBXGroup section */
		0F1478549860DF79E839FA99 /* Frameworks */ = {
			isa = PBXGroup;
			children = (
				CC91E898C3B8F4132F87A9E5 /* Pods_JustHold.framework */,
			);
			name = Frameworks;
			sourceTree = "<group>";
		};
		18A554CD289B0C7900A9D48E = {
			isa = PBXGroup;
			children = (
				18A554D8289B0C7900A9D48E /* JustHold */,
				18A554D7289B0C7900A9D48E /* Products */,
				674ECCF6205792C1C85D5D62 /* Pods */,
				0F1478549860DF79E839FA99 /* Frameworks */,
			);
			sourceTree = "<group>";
		};
		18A554D7289B0C7900A9D48E /* Products */ = {
			isa = PBXGroup;
			children = (
				18A554D6289B0C7900A9D48E /* JustHold.app */,
			);
			name = Products;
			sourceTree = "<group>";
		};
		18A554D8289B0C7900A9D48E /* JustHold */ = {
			isa = PBXGroup;
			children = (
				18A8A04528A28BBB0092031D /* Other */,
				18A8A04628A28BC70092031D /* Managers */,
				18A8A04728A28BD20092031D /* Controllers */,
				18A8A04828A28BDF0092031D /* Views */,
				18DD8B9128DF9A030083F743 /* ViewModels */,
				18A8A04928A28BF30092031D /* Models */,
			);
			path = JustHold;
			sourceTree = "<group>";
		};
		18A8A04528A28BBB0092031D /* Other */ = {
			isa = PBXGroup;
			children = (
				18A554E7289B0C7A00A9D48E /* Info.plist */,
				18A554E2289B0C7A00A9D48E /* Assets.xcassets */,
				189BD2C328B2CF5D00E5FD55 /* chartAnimation.json */,
				189BD2C728B2D28600E5FD55 /* portfolioAnimation.json */,
				18A554D9289B0C7900A9D48E /* AppDelegate.swift */,
				18A8A04A28A28C210092031D /* Extensions.swift */,
			);
			path = Other;
			sourceTree = "<group>";
		};
		18A8A04628A28BC70092031D /* Managers */ = {
			isa = PBXGroup;
			children = (
				18A8A04E28A4EB470092031D /* APICaller.swift */,
				18A8A05C28A698A40092031D /* PersistenceManager.swift */,
				189BD2BD28B27A2600E5FD55 /* HapticsManager.swift */,
			);
			path = Managers;
			sourceTree = "<group>";
		};
		18A8A04728A28BD20092031D /* Controllers */ = {
			isa = PBXGroup;
			children = (
				189BD2B928B24BE600E5FD55 /* SecurityVC.swift */,
				18A8A04C28A28EE90092031D /* TabBarController.swift */,
				18A8A05028A4EE900092031D /* MarketsVC.swift */,
				18A8A05428A4F7950092031D /* SearchResultsVC.swift */,
				189BD2DB28B6873100E5FD55 /* ChooseSymbolVC.swift */,
				189BD2CF28B3871800E5FD55 /* ChartVC.swift */,
				18B8D26D28D39A10000F9BCE /* AddAlertVC.swift */,
				18A554DD289B0C7900A9D48E /* ViewController.swift */,
				189BD2AF28AFA4CD00E5FD55 /* SettingsVC.swift */,
			);
			path = Controllers;
			sourceTree = "<group>";
		};
		18A8A04828A28BDF0092031D /* Views */ = {
			isa = PBXGroup;
			children = (
				18A554E4289B0C7A00A9D48E /* LaunchScreen.storyboard */,
				18A8A06228ABADC80092031D /* MarketsTableViewCell.swift */,
				18A8A05628A5698C0092031D /* SearchResultTableVCell.swift */,
				189BD2D328B3881800E5FD55 /* ChartView.swift */,
				189BD2D728B3897300E5FD55 /* MetricCollectionViewCell.swift */,
				18B8D27528DCC686000F9BCE /* UIButtonScrollView.swift */,
				18B8D27128D8BF5A000F9BCE /* CheckBoxButton.swift */,
				18B8D26F28D49D6B000F9BCE /* TextIconButton.swift */,
				189BD2B328AFF6B000E5FD55 /* SettingTableViewCell.swift */,
				189BD2B528B0164B00E5FD55 /* SwitchTableViewCell.swift */,
				18DD8B9428E264A70083F743 /* AlertView.swift */,
			);
			path = Views;
			sourceTree = "<group>";
		};
		18A8A04928A28BF30092031D /* Models */ = {
			isa = PBXGroup;
			children = (
				18A8A05A28A67EEF0092031D /* MapResponse.swift */,
				18A8A06428ABB00B0092031D /* ListingResponse.swift */,
				18A8A06628AE5A1E0092031D /* QuotesResponse.swift */,
				189BD2CB28B386C400E5FD55 /* SymbolsResponse.swift */,
				189BD2CD28B386F700E5FD55 /* CandlesResponse.swift */,
				18B8D27328D9078D000F9BCE /* AlertModel.swift */,
			);
			path = Models;
			sourceTree = "<group>";
		};
		18DD8B9128DF9A030083F743 /* ViewModels */ = {
			isa = PBXGroup;
			children = (
				18DD8B9228DF9A9D0083F743 /* AddAlertVCViewModel.swift */,
			);
			path = ViewModels;
			sourceTree = "<group>";
		};
		674ECCF6205792C1C85D5D62 /* Pods */ = {
			isa = PBXGroup;
			children = (
				02BE00F7FE6E4750DD44AD53 /* Pods-JustHold.debug.xcconfig */,
				829C7701F78BA64E7E0A6722 /* Pods-JustHold.release.xcconfig */,
			);
			path = Pods;
			sourceTree = "<group>";
		};
/* End PBXGroup section */

/* Begin PBXNativeTarget section */
		18A554D5289B0C7900A9D48E /* JustHold */ = {
			isa = PBXNativeTarget;
			buildConfigurationList = 18A554EA289B0C7A00A9D48E /* Build configuration list for PBXNativeTarget "JustHold" */;
			buildPhases = (
				E9A03CB48C14900E69D0EA44 /* [CP] Check Pods Manifest.lock */,
				18A554D2289B0C7900A9D48E /* Sources */,
				18A554D3289B0C7900A9D48E /* Frameworks */,
				18A554D4289B0C7900A9D48E /* Resources */,
				9390E9D7F3FD00322E423075 /* [CP] Embed Pods Frameworks */,
			);
			buildRules = (
			);
			dependencies = (
			);
			name = JustHold;
			productName = JustHold;
			productReference = 18A554D6289B0C7900A9D48E /* JustHold.app */;
			productType = "com.apple.product-type.application";
		};
/* End PBXNativeTarget section */

/* Begin PBXProject section */
		18A554CE289B0C7900A9D48E /* Project object */ = {
			isa = PBXProject;
			attributes = {
				BuildIndependentTargetsInParallel = 1;
				LastSwiftUpdateCheck = 1340;
				LastUpgradeCheck = 1340;
				TargetAttributes = {
					18A554D5289B0C7900A9D48E = {
						CreatedOnToolsVersion = 13.4.1;
					};
				};
			};
			buildConfigurationList = 18A554D1289B0C7900A9D48E /* Build configuration list for PBXProject "JustHold" */;
			compatibilityVersion = "Xcode 13.0";
			developmentRegion = en;
			hasScannedForEncodings = 0;
			knownRegions = (
				en,
				Base,
			);
			mainGroup = 18A554CD289B0C7900A9D48E;
			productRefGroup = 18A554D7289B0C7900A9D48E /* Products */;
			projectDirPath = "";
			projectRoot = "";
			targets = (
				18A554D5289B0C7900A9D48E /* JustHold */,
			);
		};
/* End PBXProject section */

/* Begin PBXResourcesBuildPhase section */
		18A554D4289B0C7900A9D48E /* Resources */ = {
			isa = PBXResourcesBuildPhase;
			buildActionMask = 2147483647;
			files = (
				18A554E6289B0C7A00A9D48E /* LaunchScreen.storyboard in Resources */,
				189BD2C428B2CF5D00E5FD55 /* chartAnimation.json in Resources */,
				18A554E3289B0C7A00A9D48E /* Assets.xcassets in Resources */,
				189BD2C828B2D28600E5FD55 /* portfolioAnimation.json in Resources */,
			);
			runOnlyForDeploymentPostprocessing = 0;
		};
/* End PBXResourcesBuildPhase section */

/* Begin PBXShellScriptBuildPhase section */
		9390E9D7F3FD00322E423075 /* [CP] Embed Pods Frameworks */ = {
			isa = PBXShellScriptBuildPhase;
			buildActionMask = 2147483647;
			files = (
			);
			inputFileListPaths = (
				"${PODS_ROOT}/Target Support Files/Pods-JustHold/Pods-JustHold-frameworks-${CONFIGURATION}-input-files.xcfilelist",
			);
			name = "[CP] Embed Pods Frameworks";
			outputFileListPaths = (
				"${PODS_ROOT}/Target Support Files/Pods-JustHold/Pods-JustHold-frameworks-${CONFIGURATION}-output-files.xcfilelist",
			);
			runOnlyForDeploymentPostprocessing = 0;
			shellPath = /bin/sh;
			shellScript = "\"${PODS_ROOT}/Target Support Files/Pods-JustHold/Pods-JustHold-frameworks.sh\"\n";
			showEnvVarsInLog = 0;
		};
		E9A03CB48C14900E69D0EA44 /* [CP] Check Pods Manifest.lock */ = {
			isa = PBXShellScriptBuildPhase;
			buildActionMask = 2147483647;
			files = (
			);
			inputFileListPaths = (
			);
			inputPaths = (
				"${PODS_PODFILE_DIR_PATH}/Podfile.lock",
				"${PODS_ROOT}/Manifest.lock",
			);
			name = "[CP] Check Pods Manifest.lock";
			outputFileListPaths = (
			);
			outputPaths = (
				"$(DERIVED_FILE_DIR)/Pods-JustHold-checkManifestLockResult.txt",
			);
			runOnlyForDeploymentPostprocessing = 0;
			shellPath = /bin/sh;
			shellScript = "diff \"${PODS_PODFILE_DIR_PATH}/Podfile.lock\" \"${PODS_ROOT}/Manifest.lock\" > /dev/null\nif [ $? != 0 ] ; then\n    # print error to STDERR\n    echo \"error: The sandbox is not in sync with the Podfile.lock. Run 'pod install' or update your CocoaPods installation.\" >&2\n    exit 1\nfi\n# This output is used by Xcode 'outputs' to avoid re-running this script phase.\necho \"SUCCESS\" > \"${SCRIPT_OUTPUT_FILE_0}\"\n";
			showEnvVarsInLog = 0;
		};
/* End PBXShellScriptBuildPhase section */

/* Begin PBXSourcesBuildPhase section */
		18A554D2289B0C7900A9D48E /* Sources */ = {
			isa = PBXSourcesBuildPhase;
			buildActionMask = 2147483647;
			files = (
				189BD2D828B3897300E5FD55 /* MetricCollectionViewCell.swift in Sources */,
				18B8D27628DCC688000F9BCE /* UIButtonScrollView.swift in Sources */,
				18DD8B9328DF9A9D0083F743 /* AddAlertVCViewModel.swift in Sources */,
				18B8D26E28D39A10000F9BCE /* AddAlertVC.swift in Sources */,
				189BD2BE28B27A2600E5FD55 /* HapticsManager.swift in Sources */,
				18A554DE289B0C7900A9D48E /* ViewController.swift in Sources */,
				18B8D27428D9078E000F9BCE /* AlertModel.swift in Sources */,
				18DD8B9528E264A80083F743 /* AlertView.swift in Sources */,
				18A8A06528ABB00B0092031D /* ListingResponse.swift in Sources */,
				18B8D27028D49D6B000F9BCE /* TextIconButton.swift in Sources */,
				189BD2D028B3871800E5FD55 /* ChartVC.swift in Sources */,
				18A8A06728AE5A1F0092031D /* QuotesResponse.swift in Sources */,
				18A8A06328ABADC90092031D /* MarketsTableViewCell.swift in Sources */,
				189BD2D428B3881800E5FD55 /* ChartView.swift in Sources */,
				189BD2CE28B386F700E5FD55 /* CandlesResponse.swift in Sources */,
				189BD2CC28B386C400E5FD55 /* SymbolsResponse.swift in Sources */,
				18A8A05B28A67EF00092031D /* MapResponse.swift in Sources */,
				18B8D27228D8BF5A000F9BCE /* CheckBoxButton.swift in Sources */,
				189BD2DC28B6873100E5FD55 /* ChooseSymbolVC.swift in Sources */,
				18A8A05528A4F7950092031D /* SearchResultsVC.swift in Sources */,
				189BD2B428AFF6B000E5FD55 /* SettingTableViewCell.swift in Sources */,
				18A8A05728A5698D0092031D /* SearchResultTableVCell.swift in Sources */,
				18A8A04D28A28EE90092031D /* TabBarController.swift in Sources */,
				189BD2BA28B24BE700E5FD55 /* SecurityVC.swift in Sources */,
				189BD2B628B0164B00E5FD55 /* SwitchTableViewCell.swift in Sources */,
				18A8A05128A4EE900092031D /* MarketsVC.swift in Sources */,
				18A8A04B28A28C210092031D /* Extensions.swift in Sources */,
				18A8A04F28A4EB470092031D /* APICaller.swift in Sources */,
				18A554DA289B0C7900A9D48E /* AppDelegate.swift in Sources */,
				18A8A05D28A698A40092031D /* PersistenceManager.swift in Sources */,
				189BD2B028AFA4CD00E5FD55 /* SettingsVC.swift in Sources */,
			);
			runOnlyForDeploymentPostprocessing = 0;
		};
/* End PBXSourcesBuildPhase section */

/* Begin PBXVariantGroup section */
		18A554E4289B0C7A00A9D48E /* LaunchScreen.storyboard */ = {
			isa = PBXVariantGroup;
			children = (
				18A554E5289B0C7A00A9D48E /* Base */,
			);
			name = LaunchScreen.storyboard;
			sourceTree = "<group>";
		};
/* End PBXVariantGroup section */

/* Begin XCBuildConfiguration section */
		18A554E8289B0C7A00A9D48E /* Debug */ = {
			isa = XCBuildConfiguration;
			buildSettings = {
				ALWAYS_SEARCH_USER_PATHS = NO;
				CLANG_ANALYZER_NONNULL = YES;
				CLANG_ANALYZER_NUMBER_OBJECT_CONVERSION = YES_AGGRESSIVE;
				CLANG_CXX_LANGUAGE_STANDARD = "gnu++17";
				CLANG_ENABLE_MODULES = YES;
				CLANG_ENABLE_OBJC_ARC = YES;
				CLANG_ENABLE_OBJC_WEAK = YES;
				CLANG_WARN_BLOCK_CAPTURE_AUTORELEASING = YES;
				CLANG_WARN_BOOL_CONVERSION = YES;
				CLANG_WARN_COMMA = YES;
				CLANG_WARN_CONSTANT_CONVERSION = YES;
				CLANG_WARN_DEPRECATED_OBJC_IMPLEMENTATIONS = YES;
				CLANG_WARN_DIRECT_OBJC_ISA_USAGE = YES_ERROR;
				CLANG_WARN_DOCUMENTATION_COMMENTS = YES;
				CLANG_WARN_EMPTY_BODY = YES;
				CLANG_WARN_ENUM_CONVERSION = YES;
				CLANG_WARN_INFINITE_RECURSION = YES;
				CLANG_WARN_INT_CONVERSION = YES;
				CLANG_WARN_NON_LITERAL_NULL_CONVERSION = YES;
				CLANG_WARN_OBJC_IMPLICIT_RETAIN_SELF = YES;
				CLANG_WARN_OBJC_LITERAL_CONVERSION = YES;
				CLANG_WARN_OBJC_ROOT_CLASS = YES_ERROR;
				CLANG_WARN_QUOTED_INCLUDE_IN_FRAMEWORK_HEADER = YES;
				CLANG_WARN_RANGE_LOOP_ANALYSIS = YES;
				CLANG_WARN_STRICT_PROTOTYPES = YES;
				CLANG_WARN_SUSPICIOUS_MOVE = YES;
				CLANG_WARN_UNGUARDED_AVAILABILITY = YES_AGGRESSIVE;
				CLANG_WARN_UNREACHABLE_CODE = YES;
				CLANG_WARN__DUPLICATE_METHOD_MATCH = YES;
				COPY_PHASE_STRIP = NO;
				DEBUG_INFORMATION_FORMAT = dwarf;
				ENABLE_STRICT_OBJC_MSGSEND = YES;
				ENABLE_TESTABILITY = YES;
				GCC_C_LANGUAGE_STANDARD = gnu11;
				GCC_DYNAMIC_NO_PIC = NO;
				GCC_NO_COMMON_BLOCKS = YES;
				GCC_OPTIMIZATION_LEVEL = 0;
				GCC_PREPROCESSOR_DEFINITIONS = (
					"DEBUG=1",
					"$(inherited)",
				);
				GCC_WARN_64_TO_32_BIT_CONVERSION = YES;
				GCC_WARN_ABOUT_RETURN_TYPE = YES_ERROR;
				GCC_WARN_UNDECLARED_SELECTOR = YES;
				GCC_WARN_UNINITIALIZED_AUTOS = YES_AGGRESSIVE;
				GCC_WARN_UNUSED_FUNCTION = YES;
				GCC_WARN_UNUSED_VARIABLE = YES;
				IPHONEOS_DEPLOYMENT_TARGET = 15.5;
				MTL_ENABLE_DEBUG_INFO = INCLUDE_SOURCE;
				MTL_FAST_MATH = YES;
				ONLY_ACTIVE_ARCH = YES;
				SDKROOT = iphoneos;
				SWIFT_ACTIVE_COMPILATION_CONDITIONS = DEBUG;
				SWIFT_OPTIMIZATION_LEVEL = "-Onone";
			};
			name = Debug;
		};
		18A554E9289B0C7A00A9D48E /* Release */ = {
			isa = XCBuildConfiguration;
			buildSettings = {
				ALWAYS_SEARCH_USER_PATHS = NO;
				CLANG_ANALYZER_NONNULL = YES;
				CLANG_ANALYZER_NUMBER_OBJECT_CONVERSION = YES_AGGRESSIVE;
				CLANG_CXX_LANGUAGE_STANDARD = "gnu++17";
				CLANG_ENABLE_MODULES = YES;
				CLANG_ENABLE_OBJC_ARC = YES;
				CLANG_ENABLE_OBJC_WEAK = YES;
				CLANG_WARN_BLOCK_CAPTURE_AUTORELEASING = YES;
				CLANG_WARN_BOOL_CONVERSION = YES;
				CLANG_WARN_COMMA = YES;
				CLANG_WARN_CONSTANT_CONVERSION = YES;
				CLANG_WARN_DEPRECATED_OBJC_IMPLEMENTATIONS = YES;
				CLANG_WARN_DIRECT_OBJC_ISA_USAGE = YES_ERROR;
				CLANG_WARN_DOCUMENTATION_COMMENTS = YES;
				CLANG_WARN_EMPTY_BODY = YES;
				CLANG_WARN_ENUM_CONVERSION = YES;
				CLANG_WARN_INFINITE_RECURSION = YES;
				CLANG_WARN_INT_CONVERSION = YES;
				CLANG_WARN_NON_LITERAL_NULL_CONVERSION = YES;
				CLANG_WARN_OBJC_IMPLICIT_RETAIN_SELF = YES;
				CLANG_WARN_OBJC_LITERAL_CONVERSION = YES;
				CLANG_WARN_OBJC_ROOT_CLASS = YES_ERROR;
				CLANG_WARN_QUOTED_INCLUDE_IN_FRAMEWORK_HEADER = YES;
				CLANG_WARN_RANGE_LOOP_ANALYSIS = YES;
				CLANG_WARN_STRICT_PROTOTYPES = YES;
				CLANG_WARN_SUSPICIOUS_MOVE = YES;
				CLANG_WARN_UNGUARDED_AVAILABILITY = YES_AGGRESSIVE;
				CLANG_WARN_UNREACHABLE_CODE = YES;
				CLANG_WARN__DUPLICATE_METHOD_MATCH = YES;
				COPY_PHASE_STRIP = NO;
				DEBUG_INFORMATION_FORMAT = "dwarf-with-dsym";
				ENABLE_NS_ASSERTIONS = NO;
				ENABLE_STRICT_OBJC_MSGSEND = YES;
				GCC_C_LANGUAGE_STANDARD = gnu11;
				GCC_NO_COMMON_BLOCKS = YES;
				GCC_WARN_64_TO_32_BIT_CONVERSION = YES;
				GCC_WARN_ABOUT_RETURN_TYPE = YES_ERROR;
				GCC_WARN_UNDECLARED_SELECTOR = YES;
				GCC_WARN_UNINITIALIZED_AUTOS = YES_AGGRESSIVE;
				GCC_WARN_UNUSED_FUNCTION = YES;
				GCC_WARN_UNUSED_VARIABLE = YES;
				IPHONEOS_DEPLOYMENT_TARGET = 15.5;
				MTL_ENABLE_DEBUG_INFO = NO;
				MTL_FAST_MATH = YES;
				SDKROOT = iphoneos;
				SWIFT_COMPILATION_MODE = wholemodule;
				SWIFT_OPTIMIZATION_LEVEL = "-O";
				VALIDATE_PRODUCT = YES;
			};
			name = Release;
		};
		18A554EB289B0C7A00A9D48E /* Debug */ = {
			isa = XCBuildConfiguration;
			baseConfigurationReference = 02BE00F7FE6E4750DD44AD53 /* Pods-JustHold.debug.xcconfig */;
			buildSettings = {
				ASSETCATALOG_COMPILER_APPICON_NAME = AppIcon;
				ASSETCATALOG_COMPILER_GLOBAL_ACCENT_COLOR_NAME = AccentColor;
				CODE_SIGN_STYLE = Automatic;
				CURRENT_PROJECT_VERSION = 1;
				DEVELOPMENT_TEAM = 6U223Z5G92;
				GENERATE_INFOPLIST_FILE = YES;
				INFOPLIST_FILE = JustHold/Other/Info.plist;
				INFOPLIST_KEY_UIApplicationSupportsIndirectInputEvents = YES;
				INFOPLIST_KEY_UILaunchStoryboardName = LaunchScreen;
				INFOPLIST_KEY_UISupportedInterfaceOrientations_iPad = "UIInterfaceOrientationPortrait UIInterfaceOrientationPortraitUpsideDown UIInterfaceOrientationLandscapeLeft UIInterfaceOrientationLandscapeRight";
				INFOPLIST_KEY_UISupportedInterfaceOrientations_iPhone = "UIInterfaceOrientationPortrait UIInterfaceOrientationLandscapeLeft UIInterfaceOrientationLandscapeRight";
				IPHONEOS_DEPLOYMENT_TARGET = 15.0;
				LD_RUNPATH_SEARCH_PATHS = (
					"$(inherited)",
					"@executable_path/Frameworks",
				);
				MARKETING_VERSION = 1.0;
				PRODUCT_BUNDLE_IDENTIFIER = com.nndigital.JustHold;
				PRODUCT_NAME = "$(TARGET_NAME)";
				SWIFT_EMIT_LOC_STRINGS = YES;
				SWIFT_VERSION = 5.0;
				TARGETED_DEVICE_FAMILY = 1;
			};
			name = Debug;
		};
		18A554EC289B0C7A00A9D48E /* Release */ = {
			isa = XCBuildConfiguration;
			baseConfigurationReference = 829C7701F78BA64E7E0A6722 /* Pods-JustHold.release.xcconfig */;
			buildSettings = {
				ASSETCATALOG_COMPILER_APPICON_NAME = AppIcon;
				ASSETCATALOG_COMPILER_GLOBAL_ACCENT_COLOR_NAME = AccentColor;
				CODE_SIGN_STYLE = Automatic;
				CURRENT_PROJECT_VERSION = 1;
				DEVELOPMENT_TEAM = 6U223Z5G92;
				GENERATE_INFOPLIST_FILE = YES;
				INFOPLIST_FILE = JustHold/Other/Info.plist;
				INFOPLIST_KEY_UIApplicationSupportsIndirectInputEvents = YES;
				INFOPLIST_KEY_UILaunchStoryboardName = LaunchScreen;
				INFOPLIST_KEY_UISupportedInterfaceOrientations_iPad = "UIInterfaceOrientationPortrait UIInterfaceOrientationPortraitUpsideDown UIInterfaceOrientationLandscapeLeft UIInterfaceOrientationLandscapeRight";
				INFOPLIST_KEY_UISupportedInterfaceOrientations_iPhone = "UIInterfaceOrientationPortrait UIInterfaceOrientationLandscapeLeft UIInterfaceOrientationLandscapeRight";
				IPHONEOS_DEPLOYMENT_TARGET = 15.0;
				LD_RUNPATH_SEARCH_PATHS = (
					"$(inherited)",
					"@executable_path/Frameworks",
				);
				MARKETING_VERSION = 1.0;
				PRODUCT_BUNDLE_IDENTIFIER = com.nndigital.JustHold;
				PRODUCT_NAME = "$(TARGET_NAME)";
				SWIFT_EMIT_LOC_STRINGS = YES;
				SWIFT_VERSION = 5.0;
				TARGETED_DEVICE_FAMILY = 1;
			};
			name = Release;
		};
/* End XCBuildConfiguration section */

/* Begin XCConfigurationList section */
		18A554D1289B0C7900A9D48E /* Build configuration list for PBXProject "JustHold" */ = {
			isa = XCConfigurationList;
			buildConfigurations = (
				18A554E8289B0C7A00A9D48E /* Debug */,
				18A554E9289B0C7A00A9D48E /* Release */,
			);
			defaultConfigurationIsVisible = 0;
			defaultConfigurationName = Release;
		};
		18A554EA289B0C7A00A9D48E /* Build configuration list for PBXNativeTarget "JustHold" */ = {
			isa = XCConfigurationList;
			buildConfigurations = (
				18A554EB289B0C7A00A9D48E /* Debug */,
				18A554EC289B0C7A00A9D48E /* Release */,
			);
			defaultConfigurationIsVisible = 0;
			defaultConfigurationName = Release;
		};
/* End XCConfigurationList section */
	};
	rootObject = 18A554CE289B0C7900A9D48E /* Project object */;
}
